
Microsoft Visual Studio Solution File, Format Version 12.00
# Visual Studio Version 16
VisualStudioVersion = 16.0.30804.86
MinimumVisualStudioVersion = 10.0.40219.1
Project("{FAE04EC0-301F-11D3-BF4B-00C04F79EFBC}") = "Attendance Counter", "Attendance Counter\Attendance Counter.csproj", "{6A0A1EF2-969A-4886-8FA1-462BEA9FDF58}"
EndProject
Global
	GlobalSection(SolutionConfigurationPlatforms) = preSolution
		Debug|Any CPU = Debug|Any CPU
		Release|Any CPU = Release|Any CPU
	EndGlobalSection
	GlobalSection(ProjectConfigurationPlatforms) = postSolution
		{6A0A1EF2-969A-4886-8FA1-462BEA9FDF58}.Debug|Any CPU.ActiveCfg = Debug|Any CPU
		{6A0A1EF2-969A-4886-8FA1-462BEA9FDF58}.Debug|Any CPU.Build.0 = Debug|Any CPU
		{6A0A1EF2-969A-4886-8FA1-462BEA9FDF58}.Release|Any CPU.ActiveCfg = Release|Any CPU
		{6A0A1EF2-969A-4886-8FA1-462BEA9FDF58}.Release|Any CPU.Build.0 = Release|Any CPU
	EndGlobalSection
	GlobalSection(SolutionProperties) = preSolution
		HideSolutionNode = FALSE
	EndGlobalSection
	GlobalSection(ExtensibilityGlobals) = postSolution
		SolutionGuid = {8BCC1849-9C68-4015-9754-0EC30071DA39}
	EndGlobalSection
EndGlobal
